{
  "version": "3",
  "redirects": {
    "https://deno.land/x/danet/src/logger.ts": "https://deno.land/x/danet@2.3.0/src/logger.ts",
    "https://deno.land/x/hono/mod.ts": "https://deno.land/x/hono@v4.1.0/mod.ts",
    "https://deno.land/x/hono/request.ts": "https://deno.land/x/hono@v4.1.0/request.ts",
    "https://deno.land/x/hono/types.ts": "https://deno.land/x/hono@v4.1.0/types.ts",
    "https://deno.land/x/hono/utils/url.ts": "https://deno.land/x/hono@v4.1.0/utils/url.ts"
  },
  "remote": {
    "https://deno.land/std@0.135.0/fmt/colors.ts": "30455035d6d728394781c10755351742dd731e3db6771b1843f9b9e490104d37",
    "https://deno.land/std@0.140.0/_util/assert.ts": "e94f2eb37cebd7f199952e242c77654e43333c1ac4c5c700e929ea3aa5489f74",
    "https://deno.land/std@0.140.0/_util/os.ts": "3b4c6e27febd119d36a416d7a97bd3b0251b77c88942c8f16ee5953ea13e2e49",
    "https://deno.land/std@0.140.0/fs/_util.ts": "0fb24eb4bfebc2c194fb1afdb42b9c3dda12e368f43e8f2321f84fc77d42cb0f",
    "https://deno.land/std@0.140.0/fs/ensure_dir.ts": "9dc109c27df4098b9fc12d949612ae5c9c7169507660dcf9ad90631833209d9d",
    "https://deno.land/std@0.140.0/fs/expand_glob.ts": "0c10130d67c9b02164b03df8e43c6d6defbf8e395cb69d09e84a8586e6d72ac3",
    "https://deno.land/std@0.140.0/fs/walk.ts": "117403ccd21fd322febe56ba06053b1ad5064c802170f19b1ea43214088fe95f",
    "https://deno.land/std@0.140.0/path/_constants.ts": "df1db3ffa6dd6d1252cc9617e5d72165cd2483df90e93833e13580687b6083c3",
    "https://deno.land/std@0.140.0/path/_interface.ts": "ee3b431a336b80cf445441109d089b70d87d5e248f4f90ff906820889ecf8d09",
    "https://deno.land/std@0.140.0/path/_util.ts": "c1e9686d0164e29f7d880b2158971d805b6e0efc3110d0b3e24e4b8af2190d2b",
    "https://deno.land/std@0.140.0/path/common.ts": "bee563630abd2d97f99d83c96c2fa0cca7cee103e8cb4e7699ec4d5db7bd2633",
    "https://deno.land/std@0.140.0/path/glob.ts": "cb5255638de1048973c3e69e420c77dc04f75755524cb3b2e160fe9277d939ee",
    "https://deno.land/std@0.140.0/path/mod.ts": "d3e68d0abb393fb0bf94a6d07c46ec31dc755b544b13144dee931d8d5f06a52d",
    "https://deno.land/std@0.140.0/path/posix.ts": "293cdaec3ecccec0a9cc2b534302dfe308adb6f10861fa183275d6695faace44",
    "https://deno.land/std@0.140.0/path/separator.ts": "fe1816cb765a8068afb3e8f13ad272351c85cbc739af56dacfc7d93d710fe0f9",
    "https://deno.land/std@0.140.0/path/win32.ts": "31811536855e19ba37a999cd8d1b62078235548d67902ece4aa6b814596dd757",
    "https://deno.land/std@0.158.0/fmt/colors.ts": "ff7dc9c9f33a72bd48bc24b21bbc1b4545d8494a431f17894dbc5fe92a938fc4",
    "https://deno.land/std@0.196.0/assert/assert.ts": "9a97dad6d98c238938e7540736b826440ad8c1c1e54430ca4c4e623e585607ee",
    "https://deno.land/std@0.196.0/assert/assertion_error.ts": "4d0bde9b374dfbcbe8ac23f54f567b77024fb67dbb1906a852d67fe050d42f56",
    "https://deno.land/std@0.196.0/console/_data.json": "cf2cc9d039a192b3adbfe64627167c7e6212704c888c25c769fc8f1709e1e1b8",
    "https://deno.land/std@0.196.0/console/_rle.ts": "56668d5c44f964f1b4ff93f21c9896df42d6ee4394e814db52d6d13f5bb247c7",
    "https://deno.land/std@0.196.0/console/unicode_width.ts": "10661c0f2eeab802d16b8b85ed8825bbc573991bbfb6affed32dc1ff994f54f9",
    "https://deno.land/std@0.196.0/fmt/colors.ts": "a7eecffdf3d1d54db890723b303847b6e0a1ab4b528ba6958b8f2e754cf1b3bc",
    "https://deno.land/x/cliffy@v0.25.2/_utils/distance.ts": "02af166952c7c358ac83beae397aa2fbca4ad630aecfcd38d92edb1ea429f004",
    "https://deno.land/x/cliffy@v0.25.2/command/_errors.ts": "979a5d3f91b9da60a5871a14c4d7aa88ad4e3258da2df7b83bf40d00949ca944",
    "https://deno.land/x/cliffy@v0.25.2/command/_utils.ts": "a17433eaa5fa2931a78590c6ee146129446992214a9483328b321cabd106ed42",
    "https://deno.land/x/cliffy@v0.25.2/command/command.ts": "1c9aa8b3ac6e7e5aae28e0cf7b2b2abc22818a6647f9312810707995f4ed9cd8",
    "https://deno.land/x/cliffy@v0.25.2/command/completions/_bash_completions_generator.ts": "aeb5b90d45f0576a75e7f316ed6f2e4e479857452766e0256eb452ba9f5b687a",
    "https://deno.land/x/cliffy@v0.25.2/command/completions/_fish_completions_generator.ts": "782110f1c13559ebf68d15a78b2fc4a15defde82c64906a1dfa054f5d7a71f0c",
    "https://deno.land/x/cliffy@v0.25.2/command/completions/_zsh_completions_generator.ts": "532a5e4ca81e1582dc75047cffaefe4c314f6110cb63089a0a8ab315e251fbd3",
    "https://deno.land/x/cliffy@v0.25.2/command/completions/bash.ts": "053aa2006ec327ccecacb00ba28e5eb836300e5c1bec1b3cfaee9ddcf8189756",
    "https://deno.land/x/cliffy@v0.25.2/command/completions/complete.ts": "b7d5eff31b27cd005d84bcfb4b9da866a4635c5f7187a0a85bb57d7d0eadeeef",
    "https://deno.land/x/cliffy@v0.25.2/command/completions/fish.ts": "9938beaa6458c6cf9e2eeda46a09e8cd362d4f8c6c9efe87d3cd8ca7477402a5",
    "https://deno.land/x/cliffy@v0.25.2/command/completions/mod.ts": "aeef7ec8e319bb157c39a4bab8030c9fe8fa327b4c1e94c9c1025077b45b40c0",
    "https://deno.land/x/cliffy@v0.25.2/command/completions/zsh.ts": "8b04ab244a0b582f7927d405e17b38602428eeb347a9968a657e7ea9f40e721a",
    "https://deno.land/x/cliffy@v0.25.2/command/deps.ts": "87093d5e737dc494bd1ff9f0b2a718a1bc468eb800062f7ab6bd7cb5c65838da",
    "https://deno.land/x/cliffy@v0.25.2/command/help/_help_generator.ts": "df67e1ac9f51f08bddaa8aae6ce1df245e785301021b1b53280a51a6601d5c80",
    "https://deno.land/x/cliffy@v0.25.2/command/help/mod.ts": "82178db54feb0568030064c24f413bd0b1469940274dec8dafb950dd3965025b",
    "https://deno.land/x/cliffy@v0.25.2/command/mod.ts": "d2da7a3d171a7737173525815d7dbe2e3dad3b20f2283385d99b78b5381a8bb5",
    "https://deno.land/x/cliffy@v0.25.2/command/type.ts": "2c0e15a618e8c71c7d2654a3cc819ba50b5f4f11828e84210112801363db880d",
    "https://deno.land/x/cliffy@v0.25.2/command/types.ts": "f08e0b7846b4571f1e3d3dd4ef4e8e53aa398f4b66d0f833b5817689054b49c7",
    "https://deno.land/x/cliffy@v0.25.2/command/types/action_list.ts": "33c98d449617c7a563a535c9ceb3741bde9f6363353fd492f90a74570c611c27",
    "https://deno.land/x/cliffy@v0.25.2/command/types/boolean.ts": "bf0fbaacbd79398f4f4a832437a8ac49f34f12fe42b8b44dca68ad23cd7b02e8",
    "https://deno.land/x/cliffy@v0.25.2/command/types/child_command.ts": "f1fca390c7fbfa7a713ca15ef55c2c7656bcbb394d50e8ef54085bdf6dc22559",
    "https://deno.land/x/cliffy@v0.25.2/command/types/command.ts": "325d0382e383b725fd8d0ef34ebaeae082c5b76a1f6f2e843fee5dbb1a4fe3ac",
    "https://deno.land/x/cliffy@v0.25.2/command/types/enum.ts": "a6e805eed88efe1866fa76cd102844a79a9bbe5590e557465f30082c6e383283",
    "https://deno.land/x/cliffy@v0.25.2/command/types/file.ts": "8618f16ac9015c8589cbd946b3de1988cc4899b90ea251f3325c93c46745140e",
    "https://deno.land/x/cliffy@v0.25.2/command/types/integer.ts": "b49ef8c43fe59ccf67e792c72ff350520dab08c9bd552eff004e134f292daa06",
    "https://deno.land/x/cliffy@v0.25.2/command/types/number.ts": "32c3d1decf3b8d9dfa10b0027b07e9c6753c0059d1ccf2d1d768b879d05e0d3e",
    "https://deno.land/x/cliffy@v0.25.2/command/types/string.ts": "e415dd7bce1b4d0ac4417e370a41a8c7a476f78cb19bf4a757ba11da343f344c",
    "https://deno.land/x/cliffy@v0.25.2/flags/_errors.ts": "971314be4e30b2c4ea4f3657891cae708aa5028815874c6885d7974c0adb4fe5",
    "https://deno.land/x/cliffy@v0.25.2/flags/_utils.ts": "85c81dc298b09d616921b0837331f1d2e0b069e6c8e432dc26af74d579eb8967",
    "https://deno.land/x/cliffy@v0.25.2/flags/flags.ts": "79000cfb73e35b7d7934f47de60132c2177976eb0274228f83ef588832259adc",
    "https://deno.land/x/cliffy@v0.25.2/flags/types.ts": "28fa1f8014371296726f3053b05aadd57d5ffd0a2596b5b474253c0e72f98a84",
    "https://deno.land/x/cliffy@v0.25.2/flags/types/boolean.ts": "3a80c2332c2f2f58427774cd0ed15b773be2c6bab6323ab4085ac7eaed9fe021",
    "https://deno.land/x/cliffy@v0.25.2/flags/types/integer.ts": "931b6c9f748a839ad304d60851159ebe3f26ccea50fb0907925a94e93772acaf",
    "https://deno.land/x/cliffy@v0.25.2/flags/types/number.ts": "ace1b124c644f4fac2a7bf781fafe3f8a32528b22ec939a3291424a313c8e301",
    "https://deno.land/x/cliffy@v0.25.2/flags/types/string.ts": "2764413b7f86962152fd0ac3edf5107b94cb6ae8a237243d65c3a2eb2073d624",
    "https://deno.land/x/cliffy@v0.25.2/flags/validate_flags.ts": "5648ca9fe341aacc9c4e61eb7ce8ca38067c9724a78a8f7d3b3dd3b8db24195c",
    "https://deno.land/x/cliffy@v0.25.2/table/border.ts": "2514abae4e4f51eda60a5f8c927ba24efd464a590027e900926b38f68e01253c",
    "https://deno.land/x/cliffy@v0.25.2/table/cell.ts": "1d787d8006ac8302020d18ec39f8d7f1113612c20801b973e3839de9c3f8b7b3",
    "https://deno.land/x/cliffy@v0.25.2/table/deps.ts": "3421d50f63079d7eea38d1c3098479c6ee9d9eb637ae750f25ea299a35bdf12c",
    "https://deno.land/x/cliffy@v0.25.2/table/layout.ts": "46bf10ae5430cf4fbb92f23d588230e9c6336edbdb154e5c9581290562b169f4",
    "https://deno.land/x/cliffy@v0.25.2/table/row.ts": "5f519ba7488d2ef76cbbf50527f10f7957bfd668ce5b9169abbc44ec88302645",
    "https://deno.land/x/cliffy@v0.25.2/table/table.ts": "ec204c9d08bb3ff1939c5ac7412a4c9ed7d00925d4fc92aff9bfe07bd269258d",
    "https://deno.land/x/cliffy@v0.25.2/table/utils.ts": "187bb7dcbcfb16199a5d906113f584740901dfca1007400cba0df7dcd341bc29",
    "https://deno.land/x/cliffy@v1.0.0-rc.3/_utils/distance.ts": "02af166952c7c358ac83beae397aa2fbca4ad630aecfcd38d92edb1ea429f004",
    "https://deno.land/x/cliffy@v1.0.0-rc.3/command/_argument_types.ts": "ab269dacea2030f865a07c2a1e953ec437a64419a05bad1f1ddaab3f99752ead",
    "https://deno.land/x/cliffy@v1.0.0-rc.3/command/_errors.ts": "12d513ff401020287a344e0830e1297ce1c80c077ecb91e0ac5db44d04a6019c",
    "https://deno.land/x/cliffy@v1.0.0-rc.3/command/_spread.ts": "0cc6eb70a6df97b5d7d26008822d39f3e8a1232ee0a27f395aa19e68de738245",
    "https://deno.land/x/cliffy@v1.0.0-rc.3/command/_type_utils.ts": "820004a59bc858e355b11f80e5b3ff1be2c87e66f31f53f253610170795602f0",
    "https://deno.land/x/cliffy@v1.0.0-rc.3/command/_utils.ts": "3c88ff4f36eba298beb07de08068fdce5e5cb7b9d82c8a319f09596d8279be64",
    "https://deno.land/x/cliffy@v1.0.0-rc.3/command/command.ts": "ae690745759524082776b7f271f66d5b93933170b1b132f888bd4ac12e9fdd7d",
    "https://deno.land/x/cliffy@v1.0.0-rc.3/command/completions/_bash_completions_generator.ts": "0c6cb1df4d378d22f001155781d97a9c3519fd10c48187a198fef2cc63b0f84a",
    "https://deno.land/x/cliffy@v1.0.0-rc.3/command/completions/_fish_completions_generator.ts": "8ba4455f7f76a756e05c3db4ce35332b2951af65a2891f2750b530e06880f495",
    "https://deno.land/x/cliffy@v1.0.0-rc.3/command/completions/_zsh_completions_generator.ts": "c74525feaf570fe8c14433c30d192622c25603f1fc64694ef69f2a218b41f230",
    "https://deno.land/x/cliffy@v1.0.0-rc.3/command/completions/bash.ts": "53fe78994eb2359110dc4fa79235bdd86800a38c1d6b1c4fe673c81756f3a0e2",
    "https://deno.land/x/cliffy@v1.0.0-rc.3/command/completions/complete.ts": "58df61caa5e6220ff2768636a69337923ad9d4b8c1932aeb27165081c4d07d8b",
    "https://deno.land/x/cliffy@v1.0.0-rc.3/command/completions/completions_command.ts": "506f97f1c6b0b1c3e9956e5069070028b818942310600d4157f64c9b644d3c49",
    "https://deno.land/x/cliffy@v1.0.0-rc.3/command/completions/fish.ts": "6f0b44b4067740b2931c9ec8863b6619b1d3410fea0c5a3988525a4c53059197",
    "https://deno.land/x/cliffy@v1.0.0-rc.3/command/completions/mod.ts": "8dda715ca25f3f66d5ec232b76d7c9a96dd4c64b5029feff91738cc0c9586fb1",
    "https://deno.land/x/cliffy@v1.0.0-rc.3/command/completions/zsh.ts": "f1263c3946975e090d4aadc8681db811d86b52a8ae680f246e03248025885c21",
    "https://deno.land/x/cliffy@v1.0.0-rc.3/command/deprecated.ts": "bbe6670f1d645b773d04b725b8b8e7814c862c9f1afba460c4d599ffe9d4983c",
    "https://deno.land/x/cliffy@v1.0.0-rc.3/command/deps.ts": "7473ebd5625bf901becd7ff80afdde3b8a50ae5d1bbfa2f43805cfacf4559d5a",
    "https://deno.land/x/cliffy@v1.0.0-rc.3/command/help/_help_generator.ts": "532dd4a928baab8b45ce46bb6d20e2ebacfdf3da141ce9d12da796652b1de478",
    "https://deno.land/x/cliffy@v1.0.0-rc.3/command/help/help_command.ts": "fbbf0c0827dd21d3cec7bcc68c00c20b55f53e2b621032891b9d23ac4191231c",
    "https://deno.land/x/cliffy@v1.0.0-rc.3/command/help/mod.ts": "8369b292761dcc9ddaf41f2d34bfb06fb6800b69efe80da4fc9752c3b890275b",
    "https://deno.land/x/cliffy@v1.0.0-rc.3/command/mod.ts": "4b708df1b97152522bee0e3828f06abbbc1d2250168910e5cf454950d7b7404b",
    "https://deno.land/x/cliffy@v1.0.0-rc.3/command/type.ts": "f588f5d9635b79100044e62aced4b00e510e75b83801f9b089c40c2d98674de2",
    "https://deno.land/x/cliffy@v1.0.0-rc.3/command/types.ts": "bc9ff7459b9cc1079eeb95ff101690a51b4b4afa4af5623340076ee361d08dbb",
    "https://deno.land/x/cliffy@v1.0.0-rc.3/command/types/action_list.ts": "33c98d449617c7a563a535c9ceb3741bde9f6363353fd492f90a74570c611c27",
    "https://deno.land/x/cliffy@v1.0.0-rc.3/command/types/boolean.ts": "3879ec16092b4b5b1a0acb8675f8c9250c0b8a972e1e4c7adfba8335bd2263ed",
    "https://deno.land/x/cliffy@v1.0.0-rc.3/command/types/child_command.ts": "f1fca390c7fbfa7a713ca15ef55c2c7656bcbb394d50e8ef54085bdf6dc22559",
    "https://deno.land/x/cliffy@v1.0.0-rc.3/command/types/command.ts": "325d0382e383b725fd8d0ef34ebaeae082c5b76a1f6f2e843fee5dbb1a4fe3ac",
    "https://deno.land/x/cliffy@v1.0.0-rc.3/command/types/enum.ts": "8a7cd2898e03089234083bb78c8b1d9b7172254c53c32d4710321638165a48ec",
    "https://deno.land/x/cliffy@v1.0.0-rc.3/command/types/file.ts": "8618f16ac9015c8589cbd946b3de1988cc4899b90ea251f3325c93c46745140e",
    "https://deno.land/x/cliffy@v1.0.0-rc.3/command/types/integer.ts": "29864725fd48738579d18123d7ee78fed37515e6dc62146c7544c98a82f1778d",
    "https://deno.land/x/cliffy@v1.0.0-rc.3/command/types/number.ts": "aeba96e6f470309317a16b308c82e0e4138a830ec79c9877e4622c682012bc1f",
    "https://deno.land/x/cliffy@v1.0.0-rc.3/command/types/string.ts": "e4dadb08a11795474871c7967beab954593813bb53d9f69ea5f9b734e43dc0e0",
    "https://deno.land/x/cliffy@v1.0.0-rc.3/command/upgrade/_check_version.ts": "6cfa7dc26bc0dc46381500e8d4b130fb224f4c5456152dada15bd3793edca89b",
    "https://deno.land/x/cliffy@v1.0.0-rc.3/command/upgrade/mod.ts": "4eff69c489467be17dea27fb95a795396111ee385d170ac0cbcc82f0ea38156c",
    "https://deno.land/x/cliffy@v1.0.0-rc.3/command/upgrade/provider.ts": "c23253334097dc4b8a147ccdeb3aa44f5a95aa953a6386cb5396f830d95d77a5",
    "https://deno.land/x/cliffy@v1.0.0-rc.3/command/upgrade/provider/deno_land.ts": "24f8d82e38c51e09be989f30f8ad21f9dd41ac1bb1973b443a13883e8ba06d6d",
    "https://deno.land/x/cliffy@v1.0.0-rc.3/command/upgrade/provider/github.ts": "99e1b133dd446c6aa79f69e69c46eb8bc1c968dd331c2a7d4064514a317c7b59",
    "https://deno.land/x/cliffy@v1.0.0-rc.3/command/upgrade/provider/nest_land.ts": "0e07936cea04fa41ac9297f32d87f39152ea873970c54cb5b4934b12fee1885e",
    "https://deno.land/x/cliffy@v1.0.0-rc.3/command/upgrade/upgrade_command.ts": "3640a287d914190241ea1e636774b1b4b0e1828fa75119971dd5304784061e05",
    "https://deno.land/x/cliffy@v1.0.0-rc.3/flags/_errors.ts": "f1fbb6bfa009e7950508c9d491cfb4a5551027d9f453389606adb3f2327d048f",
    "https://deno.land/x/cliffy@v1.0.0-rc.3/flags/_utils.ts": "340d3ecab43cde9489187e1f176504d2c58485df6652d1cdd907c0e9c3ce4cc2",
    "https://deno.land/x/cliffy@v1.0.0-rc.3/flags/_validate_flags.ts": "e60b9038c0136ab7e6bd1baf0e993a07bf23f18afbfb6e12c59adf665a622957",
    "https://deno.land/x/cliffy@v1.0.0-rc.3/flags/deprecated.ts": "a72a35de3cc7314e5ebea605ca23d08385b218ef171c32a3f135fb4318b08126",
    "https://deno.land/x/cliffy@v1.0.0-rc.3/flags/flags.ts": "3e62c4a9756b5705aada29e7e94847001356b3a83cd18ad56f4207387a71cf51",
    "https://deno.land/x/cliffy@v1.0.0-rc.3/flags/types.ts": "9e2f75edff2217d972fc711a21676a59dfd88378da2f1ace440ea84c07db1dcc",
    "https://deno.land/x/cliffy@v1.0.0-rc.3/flags/types/boolean.ts": "4c026dd66ec9c5436860dc6d0241427bdb8d8e07337ad71b33c08193428a2236",
    "https://deno.land/x/cliffy@v1.0.0-rc.3/flags/types/integer.ts": "b60d4d590f309ddddf066782d43e4dc3799f0e7d08e5ede7dc62a5ee94b9a6d9",
    "https://deno.land/x/cliffy@v1.0.0-rc.3/flags/types/number.ts": "610936e2d29de7c8c304b65489a75ebae17b005c6122c24e791fbed12444d51e",
    "https://deno.land/x/cliffy@v1.0.0-rc.3/flags/types/string.ts": "e89b6a5ce322f65a894edecdc48b44956ec246a1d881f03e97bbda90dd8638c5",
    "https://deno.land/x/cliffy@v1.0.0-rc.3/table/_layout.ts": "e4a518da28333de95ad791208b9930025987c8b93d5f8b7f30b377b3e26b24e1",
    "https://deno.land/x/cliffy@v1.0.0-rc.3/table/_utils.ts": "fd48d1a524a42e72aa3ad2eec858a92f5a00728d306c7e8436fba6c34314fee6",
    "https://deno.land/x/cliffy@v1.0.0-rc.3/table/border.ts": "5c6e9ef5078c6930169aacb668b274bdbb498461c724a7693ac9270fe9d3f5d5",
    "https://deno.land/x/cliffy@v1.0.0-rc.3/table/cell.ts": "1ffabd43b6b7fddfac9625cb0d015532e144702a9bfed03b358b79375115d06b",
    "https://deno.land/x/cliffy@v1.0.0-rc.3/table/column.ts": "cf14009f2cb14bad156f879946186c1893acdc6a2fee6845db152edddb6a2714",
    "https://deno.land/x/cliffy@v1.0.0-rc.3/table/consume_words.ts": "456e75755fdf6966abdefb8b783df2855e2a8bad6ddbdf21bd748547c5fc1d4b",
    "https://deno.land/x/cliffy@v1.0.0-rc.3/table/deps.ts": "1226c4d39d53edc81d7c3e661fb8a79f2e704937c276c60355cd4947a0fe9153",
    "https://deno.land/x/cliffy@v1.0.0-rc.3/table/row.ts": "79eb1468aafdd951e5963898cdafe0752d4ab4c519d5f847f3d8ecb8fe857d4f",
    "https://deno.land/x/cliffy@v1.0.0-rc.3/table/table.ts": "298671e72e61f1ab18b42ae36643181993f79e29b39dc411fdc6ffd53aa04684",
    "https://deno.land/x/code_block_writer@11.0.3/mod.ts": "2c3448060e47c9d08604c8f40dee34343f553f33edcdfebbf648442be33205e5",
    "https://deno.land/x/code_block_writer@11.0.3/utils/string_utils.ts": "60cb4ec8bd335bf241ef785ccec51e809d576ff8e8d29da43d2273b69ce2a6ff",
    "https://deno.land/x/danet@2.3.0/src/deps.ts": "8248ef6e978f6bee926bff1172cbfd24d098d4c8b18b8677e67b63a9e29604fc",
    "https://deno.land/x/danet@2.3.0/src/injector/injectable/decorator.ts": "c978b9e61b63286f09abaa4d15a6b0125bdc8cd90f1c55b804dfbe32ee64ba9e",
    "https://deno.land/x/danet@2.3.0/src/logger.ts": "16ce2624f00573e19d87469d4827b8675249d31f3e2585a47f0ac123b2e41255",
    "https://deno.land/x/danet@2.3.0/src/metadata/decorator.ts": "e536384f517193f5ff2fff71015ddb36d06fa985d2208945650264e419122340",
    "https://deno.land/x/danet@2.3.0/src/metadata/helper.ts": "544b9b086f7d014ab5f7e8b6ef3c7198df3665dbe31774a9ea3629a24c6ed4a3",
    "https://deno.land/x/danet@2.3.0/src/router/controller/constructor.ts": "0c4d0163c18cfe03a6b62391fa6e3d5c0bada508ddef9cba11b7e67db5f6d7c5",
    "https://deno.land/x/danet@2.3.0/src/utils/constructor.ts": "77725b0ca04ac63c9f006b55c8c6a70c422722a12b90a18e76c7f8a9250e0ab4",
    "https://deno.land/x/danet@2.3.0/validation.ts": "dfada0898cb427e7c706d16b0461d0b86f4db200f9cc26ded675f3c717215dca",
    "https://deno.land/x/deno_reflect@v0.2.1/Reflect.ts": "82fee1a619fd11c321d0db7f9f4d50b6b5cb4ce321936ba8c8520b8c6c127508",
    "https://deno.land/x/deno_reflect@v0.2.1/mod.ts": "d2ca8f2338a10ecf7ae94b7d8329088f403ef080209c6eeeab3ae279ef904901",
    "https://deno.land/x/hono@v4.1.0/client/client.ts": "b9d07d47a7b23f007fb2ea29a3185885e85a963a63b0f921f93ae2981ee29cda",
    "https://deno.land/x/hono@v4.1.0/client/index.ts": "30def535310a37bede261f1b23d11a9758983b8e9d60a6c56309cee5f6746ab2",
    "https://deno.land/x/hono@v4.1.0/client/utils.ts": "b61b11614aa976e4b6f829642528bd78bf8d19a72aa57426e40eb21507a69c0a",
    "https://deno.land/x/hono@v4.1.0/compose.ts": "37d6e33b7db80e4c43a0629b12fd3a1e3406e7d9e62a4bfad4b30426ea7ae4f1",
    "https://deno.land/x/hono@v4.1.0/context.ts": "2c6b270ca580a46335d04bb5aac39ac13d00e7e4910f54deba446c0a93f0401f",
    "https://deno.land/x/hono@v4.1.0/helper/cookie/index.ts": "80b98f8a014e8b03a9130cce9fb03f6175f82a64367e954d120634f8543556e2",
    "https://deno.land/x/hono@v4.1.0/hono-base.ts": "d3323a4668796cd56b9061ad34f2fa12a3c52178890cfffe27bd077e263c0ab7",
    "https://deno.land/x/hono@v4.1.0/hono.ts": "23edd0140bf0bd5a68c14ae96e5856a5cec6b844277e853b91025e91ea74f416",
    "https://deno.land/x/hono@v4.1.0/http-exception.ts": "cd387c6f7357db375ac3375f0346c6da80b46193b661881f660d6b15293fc086",
    "https://deno.land/x/hono@v4.1.0/mod.ts": "90114a97be9111b348129ad0143e764a64921f60dd03b8f3da529db98a0d3a82",
    "https://deno.land/x/hono@v4.1.0/request.ts": "9c8061eaf4373aa122a77d1aa8e888397425bc5d78bc17c87a2c861375c4f0b3",
    "https://deno.land/x/hono@v4.1.0/router.ts": "880316f561918fc197481755aac2165fdbe2f530b925c5357a9f98d6e2cc85c7",
    "https://deno.land/x/hono@v4.1.0/router/linear-router/index.ts": "8a2a7144c50b1f4a92d9ee99c2c396716af144c868e10608255f969695efccd0",
    "https://deno.land/x/hono@v4.1.0/router/linear-router/router.ts": "9f8b82c2ba63aebafa58e2e0256490d34d254ebbe8a57ca9ce3ba23709bece3a",
    "https://deno.land/x/hono@v4.1.0/router/pattern-router/index.ts": "304a66c50e243872037ed41c7dd79ed0c89d815e17e172e7ad7cdc4bc07d3383",
    "https://deno.land/x/hono@v4.1.0/router/pattern-router/router.ts": "e42b3c45545da9120f4ac9cb333eed6f230ed5cee3fa52949d2c577a37517046",
    "https://deno.land/x/hono@v4.1.0/router/reg-exp-router/index.ts": "52755829213941756159b7a963097bafde5cc4fc22b13b1c7c9184dc0512d1db",
    "https://deno.land/x/hono@v4.1.0/router/reg-exp-router/node.ts": "5b3fb80411db04c65df066e69fedb2c8c0844753c2633d703336de84d569252c",
    "https://deno.land/x/hono@v4.1.0/router/reg-exp-router/router.ts": "558ab9c2d2d10d4023d80026fd976a17b56dc853df7f1acd171b78c00507ce11",
    "https://deno.land/x/hono@v4.1.0/router/reg-exp-router/trie.ts": "852ce7207e6701e47fa30889a0d2b8bfcd56d8862c97e7bc9831e0a64bd8835f",
    "https://deno.land/x/hono@v4.1.0/router/smart-router/index.ts": "74f9b4fe15ea535900f2b9b048581915f12fe94e531dd2b0032f5610e61c3bef",
    "https://deno.land/x/hono@v4.1.0/router/smart-router/router.ts": "f1848a2a1eefa316a11853ae12e749552747771fb8a11fe713ae04ea6461140b",
    "https://deno.land/x/hono@v4.1.0/router/trie-router/index.ts": "3eb75e7f71ba81801631b30de6b1f5cefb2c7239c03797e2b2cbab5085911b41",
    "https://deno.land/x/hono@v4.1.0/router/trie-router/node.ts": "04d2eac912cc367b95545ce10d889134fc37be74ca729a7f0772970f37b29d11",
    "https://deno.land/x/hono@v4.1.0/router/trie-router/router.ts": "54ced78d35676302c8fcdda4204f7bdf5a7cc907fbf9967c75674b1e394f830d",
    "https://deno.land/x/hono@v4.1.0/types.ts": "6fa40ae360b4f0e348faff4066adf2cd7e8165dea5b48b7fc41044c324b59596",
    "https://deno.land/x/hono@v4.1.0/utils/body.ts": "1c7013f83bbef8216b3d862111efd5a183eaa29e86decf9a7eec6cdf25757e93",
    "https://deno.land/x/hono@v4.1.0/utils/buffer.ts": "9066a973e64498cb262c7e932f47eed525a51677b17f90893862b7279dc0773e",
    "https://deno.land/x/hono@v4.1.0/utils/cookie.ts": "cd05f6939b329477d88c4e9cf4321a963f95fea9a3b7b901d4c6e410849b49a1",
    "https://deno.land/x/hono@v4.1.0/utils/crypto.ts": "bda0e141bbe46d3a4a20f8fbcb6380d473b617123d9fdfa93e4499410b537acc",
    "https://deno.land/x/hono@v4.1.0/utils/html.ts": "6ea4f6bf41587a51607dff7a6d2865ef4d5001e4203b07e5c8a45b63a098e871",
    "https://deno.land/x/hono@v4.1.0/utils/url.ts": "d9d307a495e7dfc6e916fbcfa74c2d8d23e8e685bddc5e6ebc9c0f784345a01a",
    "https://deno.land/x/hono@v4.1.0/validator/index.ts": "6c986e8b91dcf857ecc8164a506ae8eea8665792a4ff7215471df669c632ae7c",
    "https://deno.land/x/hono@v4.1.0/validator/validator.ts": "d80db93f84bce6406feac5d157cb97ee69242498d0dbec4568cb5df1a844bf0f",
    "https://deno.land/x/phonenumber@v3.3.0/index-esm.mjs": "b73fa7c9ae3d21e1e34379cdb789e6ded39844ab31f92b728d1f37212b03cc29",
    "https://deno.land/x/ts_morph@16.0.0/common/DenoRuntime.ts": "537800e840d0994f9055164e11bf33eadf96419246af0d3c453793c3ae67bdb3",
    "https://deno.land/x/ts_morph@16.0.0/common/mod.ts": "01985d2ee7da8d1caee318a9d07664774fbee4e31602bc2bb6bb62c3489555ed",
    "https://deno.land/x/ts_morph@16.0.0/common/ts_morph_common.js": "7d908bf4f416aa96de956dc11ecc83b585bed297e16418d496ca04a3481067e0",
    "https://deno.land/x/ts_morph@16.0.0/common/typescript.js": "5c59651248a4c41b25fa7beee8e0d0d0fab5f439fa72d478e65abd8241aa533c",
    "https://deno.land/x/ts_morph@16.0.0/mod.ts": "adba9b82f24865d15d2c78ef6074b9a7457011719056c9928c800f130a617c93",
    "https://deno.land/x/ts_morph@16.0.0/ts_morph.js": "9fc0f3d6a3997c2df023fabc4e529d2117d214ffd4fd04247ca2f56c4e9cd470",
    "https://deno.land/x/validatte@0.7.2/behaviors/common/alpha.ts": "65895c5fac599dab05548948d268154ea2fb6a41b357440774ac08b7643736bd",
    "https://deno.land/x/validatte@0.7.2/behaviors/common/contains.ts": "3a85955c401b1fdc8340cf64bd3bab59a5ecec5645f378c3aa9f748568fe64ba",
    "https://deno.land/x/validatte@0.7.2/behaviors/common/equals.ts": "aa928807ca1dcfc5f9716420b51bc3622e26003aa9c31dfe55201ea8c5bdc01a",
    "https://deno.land/x/validatte@0.7.2/behaviors/common/isAfter.ts": "feddcd65eb411ccd710ae9b846c6b7a24e9329cca65ffc45d46fd298594012f4",
    "https://deno.land/x/validatte@0.7.2/behaviors/common/isAlpha.ts": "c094f3d066375036106af29629be15fb3ea9ccc07befd7a2f0f6f2f4fd487d19",
    "https://deno.land/x/validatte@0.7.2/behaviors/common/isAlphanumeric.ts": "fab791f9778b60da42602595af0ca57dbd9095997dcadb8793ba4414aa498130",
    "https://deno.land/x/validatte@0.7.2/behaviors/common/isAscii.ts": "a4f90e5411479d4f17d228ee6eebdbb9d156445bf6fdfe16cd876e2643008e85",
    "https://deno.land/x/validatte@0.7.2/behaviors/common/isBIC.ts": "c7d34b4e96a5b2fd50f616e32c1de1803aa3b8150c44018f326d07f029555e61",
    "https://deno.land/x/validatte@0.7.2/behaviors/common/isBase32.ts": "9a10a02d8b9f4e252a7032a07b7d2ab14f9df370b270afe088933adb8fe035f5",
    "https://deno.land/x/validatte@0.7.2/behaviors/common/isBase64.ts": "c373c1c433f6c51a0ae1ee563767e992f7c675413cd8a348294a12780a52f812",
    "https://deno.land/x/validatte@0.7.2/behaviors/common/isBefore.ts": "d8a11ff2e432389e5f5208c99b0d04c1010f3828073716d41aacc08e262376f2",
    "https://deno.land/x/validatte@0.7.2/behaviors/common/isBoolean.ts": "41ade5b55b433e3fef8daf3e2efdf8a580c493a924552a06d33e1e83980c7799",
    "https://deno.land/x/validatte@0.7.2/behaviors/common/isBtcAddress.ts": "7012e690abd6e94cd249753fd01df0e774771bfc6b527283b3c7895f89d2c4f9",
    "https://deno.land/x/validatte@0.7.2/behaviors/common/isByteLength.ts": "f210729b42998971d6161c85f8fff5ac46e414083a8f17d5269cca232d041762",
    "https://deno.land/x/validatte@0.7.2/behaviors/common/isCreditCard.ts": "ae8ee3cefc6d1c41191dccba5ffc1cf6cca15f7292af6822c77d08add1c51207",
    "https://deno.land/x/validatte@0.7.2/behaviors/common/isCurrency.ts": "c05bec8089406b2e2fe358a29a237d4473750c9778942d832fe5d3d61cecca7a",
    "https://deno.land/x/validatte@0.7.2/behaviors/common/isDataURI.ts": "45283277f916129bd6bf2a8d31b9cd2ae4475401be5e5bbffe83171a50d9600f",
    "https://deno.land/x/validatte@0.7.2/behaviors/common/isDate.ts": "5a661d6fcd61f7f522f450a33298907836a5a953e3186a16e6d9aab271ad3444",
    "https://deno.land/x/validatte@0.7.2/behaviors/common/isDecimal.ts": "60f76223241a8bcfba46f21ba809b2ed843c6dd16ebd5272a4c66cd8bdfd4194",
    "https://deno.land/x/validatte@0.7.2/behaviors/common/isDivisibleBy.ts": "85d4daa5e8330a10f2d3f8c6de742e35cc02ec679a0430eb6aa83de9b1e6a9b9",
    "https://deno.land/x/validatte@0.7.2/behaviors/common/isEAN.ts": "39b0e67de5f19ea06c7aa8f0a962f745b944fa0711c79a9ba19f21dc2a5d1dc6",
    "https://deno.land/x/validatte@0.7.2/behaviors/common/isEmail.ts": "a729bcc75e0ca937edacec4306f8f01843b36162ecd4889d1c6b1dbf82ab3a2f",
    "https://deno.land/x/validatte@0.7.2/behaviors/common/isEmpty.ts": "19317c70a3474d90317b5510b0771d11906261e6c0d003c6aa5fb9a33e0516a2",
    "https://deno.land/x/validatte@0.7.2/behaviors/common/isEthereumAddress.ts": "fc9f3a3c394cc55812db5d56b3bafb11b9e564f90e0830cf4d48ac488b0b65ad",
    "https://deno.land/x/validatte@0.7.2/behaviors/common/isFQDN.ts": "8ad9aad17d9dc63d05b35c56a82c3a6b7ddb1d4f87511c9e019f44527ecb2bc3",
    "https://deno.land/x/validatte@0.7.2/behaviors/common/isFloat.ts": "84e7aa246a62adb4de4e03990f8857987f6449c37fd8ee2795fc52ad3906dd44",
    "https://deno.land/x/validatte@0.7.2/behaviors/common/isFullWidth.ts": "9a2f5940d4b54b4014a52ada76aab727dbb9ea12f86954286c92f4aa122e7de9",
    "https://deno.land/x/validatte@0.7.2/behaviors/common/isHSL.ts": "f85876c84d0b460093714217d4c7f7ab9918b0dcb169527ec44a03b85b0b35ac",
    "https://deno.land/x/validatte@0.7.2/behaviors/common/isHalfWidth.ts": "aec4b519b620eed3741b20c44230239baac3416b28c3d93b9a2243e72010cb48",
    "https://deno.land/x/validatte@0.7.2/behaviors/common/isHash.ts": "648c1948446eee3a02fe269ac2b2bc62abc508ccefa248dbe1bc00036307930c",
    "https://deno.land/x/validatte@0.7.2/behaviors/common/isHexColor.ts": "6e0bd76bfc15a37fb652d991a7ee70802a97cbc8c735af21aa0a456baa9167ab",
    "https://deno.land/x/validatte@0.7.2/behaviors/common/isHexadecimal.ts": "e60de2ea7c25be003b6fee6e2ee134bc17fe932dff310f3e882bb79038448478",
    "https://deno.land/x/validatte@0.7.2/behaviors/common/isIBAN.ts": "276e389713901c6f25198319f9b24d7769938a42af21b2be39977fb21c8ea12e",
    "https://deno.land/x/validatte@0.7.2/behaviors/common/isIP.ts": "fc5e84fcd2e393231978a389d76040b63249c74b373578025b9500c56fc71234",
    "https://deno.land/x/validatte@0.7.2/behaviors/common/isIPRange.ts": "10cec77685aed00cb44d82169eb8dbd176ad82c99835dbd3ebd86f57c6771ad7",
    "https://deno.land/x/validatte@0.7.2/behaviors/common/isISBN.ts": "ab981ce3e61ff5950cc9054c5c574d9b3c155712a1d0148f9d2b7cff1271eb92",
    "https://deno.land/x/validatte@0.7.2/behaviors/common/isISIN.ts": "e18d85bedd8e46c723ee618f96e08a389019c7687d2c1986fc2ac5cec63af676",
    "https://deno.land/x/validatte@0.7.2/behaviors/common/isISO31661Alpha2.ts": "8a253eed31e036213dfd31762a531d7a41c4f5493b880c50add23f3163fff182",
    "https://deno.land/x/validatte@0.7.2/behaviors/common/isISO31661Alpha3.ts": "304f7e5974027beb5242f9d3b1cdf3b2976153d61a421578b4286b16bf5fc3b1",
    "https://deno.land/x/validatte@0.7.2/behaviors/common/isISO8601.ts": "8324f686e70bf43210dfe05302f6f763de4a7ad3cffe2e74f8c39b116bf20909",
    "https://deno.land/x/validatte@0.7.2/behaviors/common/isISRC.ts": "9d3437520e6165b3845309c186316a83fd8918dbaef3e692d399a43984b9ac45",
    "https://deno.land/x/validatte@0.7.2/behaviors/common/isISSN.ts": "dddedba62ade5d9bf242c2f30cee2843229a565d67d629a12c737fcb7d9d97fc",
    "https://deno.land/x/validatte@0.7.2/behaviors/common/isIdentityCard.ts": "90f8d0b8f7f424b8c989d51e505309a352ee18e3742e59a72bcaddf9f55a28d3",
    "https://deno.land/x/validatte@0.7.2/behaviors/common/isIn.ts": "f806aece2168cd34ceb250afe54f7910b085a577fe64d3b24ec5c6246d2a1d8f",
    "https://deno.land/x/validatte@0.7.2/behaviors/common/isInt.ts": "14a455417fddc3447e36330dd1efa4fa085bfc18729aea9da61f0b793085a841",
    "https://deno.land/x/validatte@0.7.2/behaviors/common/isJSON.ts": "e7eec619ab90d9fa8b5ccf7d8eebdcea01eef3188fb8b019a949fff5830cad20",
    "https://deno.land/x/validatte@0.7.2/behaviors/common/isJWT.ts": "6e30be61f54522e56075984e1449ac0014ea16510a64bbe70f12c346b0986cb4",
    "https://deno.land/x/validatte@0.7.2/behaviors/common/isLatLong.ts": "532bd82eb6e1c5f780c4bf40fbd21a7926f30a8392350259918a8822bcda7ade",
    "https://deno.land/x/validatte@0.7.2/behaviors/common/isLocale.ts": "e0e9b2f03df8258e9eb5a8a3279ca05d1c0bc65b030cacfeb8ed6429398b8075",
    "https://deno.land/x/validatte@0.7.2/behaviors/common/isLowerCase.ts": "6ac6fecef287bba6ea80c37eb33af2f269eeb499d6d609199e9311db1b3ebb7b",
    "https://deno.land/x/validatte@0.7.2/behaviors/common/isMACAddress.ts": "3d870459752270f953e46c11e561fb69ea61e6678e41c8aec195143fa3fb6bcf",
    "https://deno.land/x/validatte@0.7.2/behaviors/common/isMagnetURI.ts": "420ac2d9aaa2020077b8e3e12ef2815cda8d739547a4edb20f9ab220742465db",
    "https://deno.land/x/validatte@0.7.2/behaviors/common/isMimeType.ts": "bd6843e8254fc0bbbed9b870a0dca910994e43ab913617ec3e48efdaf9f40f7c",
    "https://deno.land/x/validatte@0.7.2/behaviors/common/isMobilePhone.ts": "308c42778bbbbfe85e5b51566d8d83e926fe595a9391e1d87c4c47335758693f",
    "https://deno.land/x/validatte@0.7.2/behaviors/common/isMongoId.ts": "b7dd0729f8cd835e3fe975bee65cf195eee61548f3c0f139be14023e4fa68232",
    "https://deno.land/x/validatte@0.7.2/behaviors/common/isMultibyte.ts": "94ddc5de79596576ed6230439424e94e0b45062ad68218ead3746aca06dc88c9",
    "https://deno.land/x/validatte@0.7.2/behaviors/common/isNumeric.ts": "a631647b12c732b6e4f7256cc9908e3ae887a163f9b31d5253bd08e0f233dfb7",
    "https://deno.land/x/validatte@0.7.2/behaviors/common/isOctal.ts": "69135760e71a57bbff2f0b5cc8587fdabaa52db52b43ff35da72417b4f1bb7a5",
    "https://deno.land/x/validatte@0.7.2/behaviors/common/isPassportNumber.ts": "87a5c66a4852b013bb7b6ce5fa50d8886a4ae005802f39c58b748839dcd249ed",
    "https://deno.land/x/validatte@0.7.2/behaviors/common/isPort.ts": "71ca3e168277ec9716f5d23c2231dc1c1e1da82d1947ccab71dd1056f38ac233",
    "https://deno.land/x/validatte@0.7.2/behaviors/common/isPostalCode.ts": "a07dd05782311fa82eb80bdd23088d51e6cf980841989fa51e1b359bce99444d",
    "https://deno.land/x/validatte@0.7.2/behaviors/common/isRFC3339.ts": "75577b84433d2b703fdb94c78a3027ba025de80c48c80634927fefa2e75fbc86",
    "https://deno.land/x/validatte@0.7.2/behaviors/common/isRgbColor.ts": "e8ff0a172dbb0f4cc26ab1a0308849377ccd2ff6598a514fdd3a120f4934fa6f",
    "https://deno.land/x/validatte@0.7.2/behaviors/common/isSemVer.ts": "a5c3189e9aebc80c1fc3a0055e9a8397045681eb3ac8b9fe8e9b99d1aff2e60e",
    "https://deno.land/x/validatte@0.7.2/behaviors/common/isSlug.ts": "4b07028be66a5465b77c8259fc701963d2f656f07956c22a835bb9a59cd4c742",
    "https://deno.land/x/validatte@0.7.2/behaviors/common/isSurrogatePair.ts": "b583892c5c8a211933ec423a007b04054893741ab980f10432e941369f87a81b",
    "https://deno.land/x/validatte@0.7.2/behaviors/common/isURL.ts": "e3fbc5b0ef1898d3f4fea1c5fd66364dec247847c9328d38080d595e441c85bd",
    "https://deno.land/x/validatte@0.7.2/behaviors/common/isUUID.ts": "d2e1f4eea17c193c4588bbc527e3d45272a75a473e324d396de5464ba302ed1f",
    "https://deno.land/x/validatte@0.7.2/behaviors/common/isUpperCase.ts": "f10f54e6735c1082333197e44354a7015111e2e45eae5cda41840318d0ee6f38",
    "https://deno.land/x/validatte@0.7.2/behaviors/common/isVariableWidth.ts": "4bbe57315cd701ea3412c931c75323ed15f6e9331c1b98c367a0c9c825dfedd0",
    "https://deno.land/x/validatte@0.7.2/behaviors/common/isWhitelisted.ts": "935c6a370dedf122ca31a95a54c2e2fb450b4834096382ce1e45449daf9c989d",
    "https://deno.land/x/validatte@0.7.2/behaviors/common/matches.ts": "f09f02f5be97b13af3496649c79c5d28660b0f34183514c09af2cbb305c61c7e",
    "https://deno.land/x/validatte@0.7.2/behaviors/common/mod.ts": "fa98aac9f09ec4961fba3e63bbb88b3644d6203a669cbd220e374354675dbdba",
    "https://deno.land/x/validatte@0.7.2/behaviors/common/toDate.ts": "6039ba389210853e552cc267139d26ead0b4df53b7f438dd5d7a367a12405c29",
    "https://deno.land/x/validatte@0.7.2/behaviors/common/toFloat.ts": "5ca3fde9036eca801cde73c0501060d6571a382a40a0c7a227d60c8663aee491",
    "https://deno.land/x/validatte@0.7.2/behaviors/common/util/includes.ts": "2fecfcd3c4781646561b8f4117101bca3bcb752323958505fc4edd3d981453e4",
    "https://deno.land/x/validatte@0.7.2/behaviors/common/util/merge.ts": "ae9840edf8f2e7715f7d95aa080de761eddeff0ad493ef8248550cc20eb2cc27",
    "https://deno.land/x/validatte@0.7.2/behaviors/common/util/multilineRegex.ts": "d873be92007e5952c3a1d89683a8ed0168415ebf44f9f5621d6d06bbdcd111d8",
    "https://deno.land/x/validatte@0.7.2/behaviors/common/util/toString.ts": "82fc8311e17b09f29c7fa55bfec39b6ec288c2d93b5b98f40356948ac89e39cd",
    "https://deno.land/x/validatte@0.7.2/behaviors/mod.ts": "5721e62f7afd0da797d5a2253139b79f9df20f14de67f611eb4c2cf9af144072",
    "https://deno.land/x/validatte@0.7.2/behaviors/number.ts": "24778150856544ea341360d7e700e27e5d8d8138d6c42ca231458336cd77eaee",
    "https://deno.land/x/validatte@0.7.2/behaviors/phone-number.ts": "5c448e2ac0f232f166ba6fc61b5ef15c848e40d6aee50d55436b34eb37130f8b",
    "https://deno.land/x/validatte@0.7.2/behaviors/string.ts": "1e10951582409cf2d37eb56c10d1affccd504302ed3b781319e95c39899fecf9",
    "https://deno.land/x/validatte@0.7.2/deps.ts": "ffb2eb3221c1ef291a3a6dbce83825137409edaac9ac22e57414c1cb214a642f",
    "https://deno.land/x/validatte@0.7.2/errors.ts": "f08fb050a6fc982814c3aa1f0e390648ffee77dee19152e367992c32fc65ee6f",
    "https://deno.land/x/validatte@0.7.2/mod.ts": "f23a7e287f8cdcde306a8af5d8980b90ab32f0238d5e931eace5545a44bd6bec",
    "https://deno.land/x/validatte@0.7.2/transform.ts": "310fb214f27d9ecc09664a4bb82c2efa3f9975a01282edaae731670fe8377b3e",
    "https://deno.land/x/validatte@0.7.2/types.ts": "08ba24c37db9c79ce9b4e0b4d280fb6de1236c6b1f4a3573640bcac994539429",
    "https://deno.land/x/validatte@0.7.2/validate.ts": "cd615164a2ff1551b4f24e150009615922886f88733c41a1c1e231a8dc51e2c2",
    "https://deno.land/x/validatte@0.7.2/validators/common.ts": "ca6cd85b1a22ff02d27960ab81a1064ac185e6dfe2dfa4d52d9d185a2d885c5c",
    "https://deno.land/x/validatte@0.7.2/validators/mod.ts": "2b2b36a34b4fef8f822ea065131f1b745f1a0289ae21fad803723b5dc152d528",
    "https://deno.land/x/validatte@0.7.2/validators/nested.ts": "92a7d938ce85198486a3d75af2e52d884a080fce1bc83fff2f59c3cd3efe41f6",
    "https://deno.land/x/validatte@0.7.2/validators/number.ts": "bcff549876a9f4adcf3d884da0dea33824c8f6045345e34d1c34e1f8151d584a",
    "https://deno.land/x/validatte@0.7.2/validators/phone-number.ts": "8766c34a6bf252a0a02ee4e8d1ac219d3721eb3b5d10c775deaa222e2e55bf7d",
    "https://deno.land/x/validatte@0.7.2/validators/string.ts": "8207993770437274e22e8a71ce36781ba320b3ae25247df606cad9a7e1ee81e9",
    "https://deno.land/x/validatte@0.7.2/validators/types-validators.ts": "7c808ec4b955f87dfc40b9f9d4714f28a13cc44b42b1ddec8ab0f1603f93ddeb"
  }
}
